
Microsoft Visual Studio Solution File, Format Version 12.00
# Visual Studio Version 17
VisualStudioVersion = 17.7.34031.279
MinimumVisualStudioVersion = 10.0.40219.1
Project("{FAE04EC0-301F-11D3-BF4B-00C04F79EFBC}") = "API_EF_NET7", "API_EF_NET7\API_EF_NET7.csproj", "{1D10D980-6D74-4AFB-ADD8-B58140603B60}"
EndProject
Global
	GlobalSection(SolutionConfigurationPlatforms) = preSolution
		Debug|Any CPU = Debug|Any CPU
		Release|Any CPU = Release|Any CPU
	EndGlobalSection
	GlobalSection(ProjectConfigurationPlatforms) = postSolution
		{1D10D980-6D74-4AFB-ADD8-B58140603B60}.Debug|Any CPU.ActiveCfg = Debug|Any CPU
		{1D10D980-6D74-4AFB-ADD8-B58140603B60}.Debug|Any CPU.Build.0 = Debug|Any CPU
		{1D10D980-6D74-4AFB-ADD8-B58140603B60}.Release|Any CPU.ActiveCfg = Release|Any CPU
		{1D10D980-6D74-4AFB-ADD8-B58140603B60}.Release|Any CPU.Build.0 = Release|Any CPU
	EndGlobalSection
	GlobalSection(SolutionProperties) = preSolution
		HideSolutionNode = FALSE
	EndGlobalSection
	GlobalSection(ExtensibilityGlobals) = postSolution
		SolutionGuid = {D17151D3-21FD-45D0-9CF1-4E0E99C7D048}
	EndGlobalSection
EndGlobal
